PODS:
  - Flutter (1.0.0)
  - gallery_saver (0.0.1):
    - Flutter
  - image_cropper (0.0.4):
    - Flutter
    - TOCropViewController (~> 2.6.1)
  - image_picker_ios (0.0.1):
    - Flutter
  - LibTorch (1.8.0):
    - LibTorch/Core (= 1.8.0)
  - LibTorch/Core (1.8.0):
    - LibTorch/Torch
  - LibTorch/Torch (1.8.0)
  - path_provider_ios (0.0.1):
    - Flutter
  - pytorch_mobile (0.0.1):
    - Flutter
    - LibTorch (~> 1.8.0)
  - TOCropViewController (2.6.1)

DEPENDENCIES:
  - Flutter (from `Flutter`)
  - gallery_saver (from `.symlinks/plugins/gallery_saver/ios`)
  - image_cropper (from `.symlinks/plugins/image_cropper/ios`)
  - image_picker_ios (from `.symlinks/plugins/image_picker_ios/ios`)
  - path_provider_ios (from `.symlinks/plugins/path_provider_ios/ios`)
  - pytorch_mobile (from `.symlinks/plugins/pytorch_mobile/ios`)

SPEC REPOS:
  trunk:
    - LibTorch
    - TOCropViewController

EXTERNAL SOURCES:
  Flutter:
    :path: Flutter
  gallery_saver:
    :path: ".symlinks/plugins/gallery_saver/ios"
  image_cropper:
    :path: ".symlinks/plugins/image_cropper/ios"
  image_picker_ios:
    :path: ".symlinks/plugins/image_picker_ios/ios"
  path_provider_ios:
    :path: ".symlinks/plugins/path_provider_ios/ios"
  pytorch_mobile:
    :path: ".symlinks/plugins/pytorch_mobile/ios"

SPEC CHECKSUMS:
  Flutter: 50d75fe2f02b26cc09d224853bb45737f8b3214a
  gallery_saver: 9fc173c9f4fcc48af53b2a9ebea1b643255be542
  image_cropper: 60c2789d1f1a78c873235d4319ca0c34a69f2d98
  image_picker_ios: b786a5dcf033a8336a657191401bfdf12017dabb
  LibTorch: d7724112589515bedd5eadf14a9db5b1d62d8a34
  path_provider_ios: 14f3d2fd28c4fdb42f44e0f751d12861c43cee02
  pytorch_mobile: cdb1566b9883c59662d443e904db6674e829dd84
  TOCropViewController: edfd4f25713d56905ad1e0b9f5be3fbe0f59c863

PODFILE CHECKSUM: 4e8f8b2be68aeea4c0d5beb6ff1e79fface1d048

COCOAPODS: 1.11.3
